{
    "name": "pkg-implementations-secondary",
    "version": "1.0.0",
    "lockfileVersion": 2,
    "requires": true,
    "packages": {
        "": {
            "version": "1.0.0",
            "license": "GPL-3.0",
            "dependencies": {
                "pkg-interfaces": "^1.0.0"
            },
            "devDependencies": {
                "typescript": "^4.2.3"
            }
        },
        "node_modules/pkg-interfaces": {
            "version": "1.0.0",
            "resolved": "http://localhost:4873/pkg-interfaces/-/pkg-interfaces-1.0.0.tgz",
            "integrity": "sha512-7wze5PdWL5cd2jsv80/nB1uJj8oGmEncsM94e6HU48kWjmaDi+lS3nMvw4uhsQq6Oqc2BBRpvkWy6TqBGEYo7w==",
            "license": "GPL-3.0"
        },
        "node_modules/typescript": {
            "version": "4.2.3",
            "resolved": "https://registry.npmjs.org/typescript/-/typescript-4.2.3.tgz",
            "integrity": "sha512-qOcYwxaByStAWrBf4x0fibwZvMRG+r4cQoTjbPtUlrWjBHbmCAww1i448U0GJ+3cNNEtebDteo/cHOR3xJ4wEw==",
            "dev": true,
            "bin": {
                "tsc": "bin/tsc",
                "tsserver": "bin/tsserver"
            },
            "engines": {
                "node": ">=4.2.0"
            }
        }
    },
    "dependencies": {
        "pkg-interfaces": {
            "version": "1.0.0",
            "resolved": "http://localhost:4873/pkg-interfaces/-/pkg-interfaces-1.0.0.tgz",
            "integrity": "sha512-7wze5PdWL5cd2jsv80/nB1uJj8oGmEncsM94e6HU48kWjmaDi+lS3nMvw4uhsQq6Oqc2BBRpvkWy6TqBGEYo7w=="
        },
        "typescript": {
            "version": "4.2.3",
            "resolved": "https://registry.npmjs.org/typescript/-/typescript-4.2.3.tgz",
            "integrity": "sha512-qOcYwxaByStAWrBf4x0fibwZvMRG+r4cQoTjbPtUlrWjBHbmCAww1i448U0GJ+3cNNEtebDteo/cHOR3xJ4wEw==",
            "dev": true
        }
    }
}
